Microsoft Visual Studio Solution File, Format Version 12.00
# Visual Studio Version 17
VisualStudioVersion = 17.5.2.0
MinimumVisualStudioVersion = 10.0.40219.1
Project("{FAE04EC0-301F-11D3-BF4B-00C04F79EFBC}") = "EazyTrade", "EazyTrade.csproj", "{87D7A4B3-890B-17EF-2337-24FEE2521CCB}"
EndProject
Global
	GlobalSection(SolutionConfigurationPlatforms) = preSolution
		Debug|Any CPU = Debug|Any CPU
		Release|Any CPU = Release|Any CPU
	EndGlobalSection
	GlobalSection(ProjectConfigurationPlatforms) = postSolution
		{87D7A4B3-890B-17EF-2337-24FEE2521CCB}.Debug|Any CPU.ActiveCfg = Debug|Any CPU
		{87D7A4B3-890B-17EF-2337-24FEE2521CCB}.Debug|Any CPU.Build.0 = Debug|Any CPU
		{87D7A4B3-890B-17EF-2337-24FEE2521CCB}.Release|Any CPU.ActiveCfg = Release|Any CPU
		{87D7A4B3-890B-17EF-2337-24FEE2521CCB}.Release|Any CPU.Build.0 = Release|Any CPU
	EndGlobalSection
	GlobalSection(SolutionProperties) = preSolution
		HideSolutionNode = FALSE
	EndGlobalSection
	GlobalSection(ExtensibilityGlobals) = postSolution
		SolutionGuid = {1178F564-6788-446C-8302-3CA1616C028F}
	EndGlobalSection
EndGlobal
